<?xml version="1.0" encoding="utf-8"?>
<Project ToolsVersion="4.0" xmlns="http://schemas.microsoft.com/developer/msbuild/2003">
  <ItemGroup>
    <Filter Include="Source Files">
      <UniqueIdentifier>{4FC737F1-C7A5-4376-A066-2A32D752A2FF}</UniqueIdentifier>
      <Extensions>qml;cpp;c;cc;cxx;def;odl;idl;hpj;bat;asm;asmx</Extensions>
    </Filter>
    <Filter Include="Header Files">
      <UniqueIdentifier>{93995380-89BD-4b04-88EB-625FBE52EBFB}</UniqueIdentifier>
      <Extensions>h;hh;hpp;hxx;hm;inl;inc;xsd</Extensions>
    </Filter>
    <Filter Include="Resource Files">
      <UniqueIdentifier>{67DA6AB6-F800-4c08-8B7A-83BB121AAD01}</UniqueIdentifier>
      <Extensions>qrc;rc;ico;cur;bmp;dlg;rc2;rct;bin;rgs;gif;jpg;jpeg;jpe;resx;tiff;tif;png;wav;mfcribbon-ms</Extensions>
    </Filter>
    <Filter Include="Form Files">
      <UniqueIdentifier>{99349809-55BA-4b9d-BF79-8FDBB0286EB3}</UniqueIdentifier>
      <Extensions>ui</Extensions>
    </Filter>
    <Filter Include="Translation Files">
      <UniqueIdentifier>{639EADAA-A684-42e4-A9AD-28FC9BCB8F7C}</UniqueIdentifier>
      <Extensions>ts</Extensions>
    </Filter>
  </ItemGroup>
  <ItemGroup>
    <ClCompile Include="FluPushButton.cpp">
      <Filter>Source Files</Filter>
    </ClCompile>
    <ClCompile Include="FluNavigationView.cpp">
      <Filter>Source Files</Filter>
    </ClCompile>
    <ClCompile Include="FluTabWidget.cpp">
      <Filter>Source Files</Filter>
    </ClCompile>
    <ClCompile Include="FluFlowLayout.cpp">
      <Filter>Source Files</Filter>
    </ClCompile>
    <ClCompile Include="FluFrameLessWidget.cpp">
      <Filter>Source Files</Filter>
    </ClCompile>
    <ClCompile Include="FluVCard.cpp">
      <Filter>Source Files</Filter>
    </ClCompile>
    <ClCompile Include="FluHCard.cpp">
      <Filter>Source Files</Filter>
    </ClCompile>
    <ClCompile Include="FluVScrollView.cpp">
      <Filter>Source Files</Filter>
    </ClCompile>
    <ClCompile Include="FluNavigationItem.cpp">
      <Filter>Source Files</Filter>
    </ClCompile>
    <ClCompile Include="FluNavigationMenuItem.cpp">
      <Filter>Source Files</Filter>
    </ClCompile>
    <ClCompile Include="FluNavigationSearchItem.cpp">
      <Filter>Source Files</Filter>
    </ClCompile>
    <ClCompile Include="FluStackedLayout.cpp">
      <Filter>Source Files</Filter>
    </ClCompile>
    <ClCompile Include="FluLineEdit.cpp">
      <Filter>Source Files</Filter>
    </ClCompile>
    <ClCompile Include="FluLabel.cpp">
      <Filter>Source Files</Filter>
    </ClCompile>
    <ClCompile Include="FluIconButton.cpp">
      <Filter>Source Files</Filter>
    </ClCompile>
    <ClCompile Include="FluExpander.cpp">
      <Filter>Source Files</Filter>
    </ClCompile>
    <ClCompile Include="FluCodeExpander.cpp">
      <Filter>Source Files</Filter>
    </ClCompile>
    <ClCompile Include="FluToggleButton.cpp">
      <Filter>Source Files</Filter>
    </ClCompile>
    <ClCompile Include="FluDisplayCodeBox.cpp">
      <Filter>Source Files</Filter>
    </ClCompile>
    <ClCompile Include="FluRotationButton.cpp">
      <Filter>Source Files</Filter>
    </ClCompile>
    <ClCompile Include="FluNavigationSettingsItem.cpp">
      <Filter>Source Files</Filter>
    </ClCompile>
    <ClCompile Include="FluMenu.cpp">
      <Filter>Source Files</Filter>
    </ClCompile>
    <ClCompile Include="FluDisplayBox.cpp">
      <Filter>Source Files</Filter>
    </ClCompile>
    <ClCompile Include="FluGraphicalButton.cpp">
      <Filter>Source Files</Filter>
    </ClCompile>
    <ClCompile Include="FluStyleButton.cpp">
      <Filter>Source Files</Filter>
    </ClCompile>
    <ClCompile Include="FluRadioButton.cpp">
      <Filter>Source Files</Filter>
    </ClCompile>
    <ClCompile Include="FluDisplayIconBox.cpp">
      <Filter>Source Files</Filter>
    </ClCompile>
    <ClCompile Include="FluFWScrollView.cpp">
      <Filter>Source Files</Filter>
    </ClCompile>
    <ClCompile Include="FluNavigationIconTextItem.cpp">
      <Filter>Source Files</Filter>
    </ClCompile>
    <ClCompile Include="FluSearchLineEdit.cpp">
      <Filter>Source Files</Filter>
    </ClCompile>
    <ClCompile Include="FluComboBox.cpp">
      <Filter>Source Files</Filter>
    </ClCompile>
    <ClCompile Include="FluComboBoxTextItem.cpp">
      <Filter>Source Files</Filter>
    </ClCompile>
    <ClCompile Include="FluDropDownButton.cpp">
      <Filter>Source Files</Filter>
    </ClCompile>
    <ClCompile Include="FluHyperLinkButton.cpp">
      <Filter>Source Files</Filter>
    </ClCompile>
    <ClCompile Include="FluHFlipView.cpp">
      <Filter>Source Files</Filter>
    </ClCompile>
    <ClCompile Include="FluImageBox.cpp">
      <Filter>Source Files</Filter>
    </ClCompile>
    <ClCompile Include="FluSettingsSelectBox.cpp">
      <Filter>Source Files</Filter>
    </ClCompile>
    <ClCompile Include="FluSettingsLabelBox.cpp">
      <Filter>Source Files</Filter>
    </ClCompile>
    <ClCompile Include="FluRepeatButton.cpp">
      <Filter>Source Files</Filter>
    </ClCompile>
    <ClCompile Include="FluCheckBox.cpp">
      <Filter>Source Files</Filter>
    </ClCompile>
    <ClCompile Include="FluVRadioGroupBox.cpp">
      <Filter>Source Files</Filter>
    </ClCompile>
    <ClCompile Include="FluSlider.cpp">
      <Filter>Source Files</Filter>
    </ClCompile>
    <ClCompile Include="FluToggleSwitch.cpp">
      <Filter>Source Files</Filter>
    </ClCompile>
    <ClCompile Include="FluProgressRing.cpp">
      <Filter>Source Files</Filter>
    </ClCompile>
    <ClCompile Include="FluProgressBar.cpp">
      <Filter>Source Files</Filter>
    </ClCompile>
    <ClCompile Include="FluCalendarView.cpp">
      <Filter>Source Files</Filter>
    </ClCompile>
    <ClCompile Include="FluCalendarSelectDayView.cpp">
      <Filter>Source Files</Filter>
    </ClCompile>
    <ClCompile Include="FluCalendarSelectMonthView.cpp">
      <Filter>Source Files</Filter>
    </ClCompile>
    <ClCompile Include="FluCalendarSelectYearView.cpp">
      <Filter>Source Files</Filter>
    </ClCompile>
    <ClCompile Include="FluCalendarItem.cpp">
      <Filter>Source Files</Filter>
    </ClCompile>
    <ClCompile Include="FluCalendarDatePicker.cpp">
      <Filter>Source Files</Filter>
    </ClCompile>
    <ClCompile Include="FluVFlipView.cpp">
      <Filter>Source Files</Filter>
    </ClCompile>
    <ClCompile Include="FluListView.cpp">
      <Filter>Source Files</Filter>
    </ClCompile>
    <ClCompile Include="FluListViewItemDelegate.cpp">
      <Filter>Source Files</Filter>
    </ClCompile>
    <ClCompile Include="FluInfoBadge.cpp">
      <Filter>Source Files</Filter>
    </ClCompile>
    <ClCompile Include="FluPasswordBox.cpp">
      <Filter>Source Files</Filter>
    </ClCompile>
    <ClCompile Include="FluSpinBox.cpp">
      <Filter>Source Files</Filter>
    </ClCompile>
    <ClCompile Include="FluDisplayBoxEx.cpp">
      <Filter>Source Files</Filter>
    </ClCompile>
    <ClCompile Include="FluMessageBox.cpp">
      <Filter>Source Files</Filter>
    </ClCompile>
    <ClCompile Include="FluColorLabel.cpp">
      <Filter>Source Files</Filter>
    </ClCompile>
    <ClCompile Include="FluMenuBar.cpp">
      <Filter>Source Files</Filter>
    </ClCompile>
    <ClCompile Include="FluShortInfoBar.cpp">
      <Filter>Source Files</Filter>
    </ClCompile>
    <ClCompile Include="FluThread.cpp">
      <Filter>Source Files</Filter>
    </ClCompile>
    <ClCompile Include="FluInfoBarMgr.cpp">
      <Filter>Source Files</Filter>
    </ClCompile>
    <ClCompile Include="FluTextEdit.cpp">
      <Filter>Source Files</Filter>
    </ClCompile>
    <ClCompile Include="FluDoubleSpinBox.cpp">
      <Filter>Source Files</Filter>
    </ClCompile>
    <ClCompile Include="FluCalendarViewTitle.cpp">
      <Filter>Source Files</Filter>
    </ClCompile>
    <ClCompile Include="FluBorder.cpp">
      <Filter>Source Files</Filter>
    </ClCompile>
    <ClCompile Include="FluHRadioGroupBox.cpp">
      <Filter>Source Files</Filter>
    </ClCompile>
  </ItemGroup>
  <ItemGroup>
    <QtMoc Include="FluPushButton.h">
      <Filter>Header Files</Filter>
    </QtMoc>
    <QtMoc Include="FluDef.h">
      <Filter>Header Files</Filter>
    </QtMoc>
    <QtMoc Include="FluNavigationView.h">
      <Filter>Header Files</Filter>
    </QtMoc>
    <QtMoc Include="FluTabWidget.h">
      <Filter>Header Files</Filter>
    </QtMoc>
    <QtMoc Include="FluFrameLessWidget.h">
      <Filter>Header Files</Filter>
    </QtMoc>
    <QtMoc Include="FluVCard.h">
      <Filter>Header Files</Filter>
    </QtMoc>
    <QtMoc Include="FluHCard.h">
      <Filter>Header Files</Filter>
    </QtMoc>
    <QtMoc Include="FluVScrollView.h">
      <Filter>Header Files</Filter>
    </QtMoc>
    <QtMoc Include="FluNavigationIconTextItem.h">
      <Filter>Header Files</Filter>
    </QtMoc>
    <QtMoc Include="FluNavigationMenuItem.h">
      <Filter>Header Files</Filter>
    </QtMoc>
    <QtMoc Include="FluNavigationSearchItem.h">
      <Filter>Header Files</Filter>
    </QtMoc>
    <QtMoc Include="FluNavigationItem.h">
      <Filter>Header Files</Filter>
    </QtMoc>
    <QtMoc Include="FluStackedLayout.h">
      <Filter>Header Files</Filter>
    </QtMoc>
    <QtMoc Include="FluLineEdit.h">
      <Filter>Header Files</Filter>
    </QtMoc>
    <QtMoc Include="FluLabel.h">
      <Filter>Header Files</Filter>
    </QtMoc>
    <QtMoc Include="FluIconButton.h">
      <Filter>Header Files</Filter>
    </QtMoc>
    <QtMoc Include="FluExpander.h">
      <Filter>Header Files</Filter>
    </QtMoc>
    <QtMoc Include="FluCodeExpander.h">
      <Filter>Header Files</Filter>
    </QtMoc>
    <QtMoc Include="FluToggleButton.h">
      <Filter>Header Files</Filter>
    </QtMoc>
    <QtMoc Include="FluDisplayCodeBox.h">
      <Filter>Header Files</Filter>
    </QtMoc>
    <QtMoc Include="FluRotationButton.h">
      <Filter>Header Files</Filter>
    </QtMoc>
    <QtMoc Include="FluNavigationSettingsItem.h">
      <Filter>Header Files</Filter>
    </QtMoc>
    <QtMoc Include="FluMenu.h">
      <Filter>Header Files</Filter>
    </QtMoc>
    <QtMoc Include="FluDisplayBox.h">
      <Filter>Header Files</Filter>
    </QtMoc>
    <QtMoc Include="FluGraphicalButton.h">
      <Filter>Header Files</Filter>
    </QtMoc>
    <QtMoc Include="FluStyleButton.h">
      <Filter>Header Files</Filter>
    </QtMoc>
    <QtMoc Include="FluRadioButton.h">
      <Filter>Header Files</Filter>
    </QtMoc>
    <QtMoc Include="FluDisplayIconBox.h">
      <Filter>Header Files</Filter>
    </QtMoc>
    <QtMoc Include="FluFWScrollView.h">
      <Filter>Header Files</Filter>
    </QtMoc>
    <QtMoc Include="FluSearchLineEdit.h">
      <Filter>Header Files</Filter>
    </QtMoc>
    <QtMoc Include="FluComboBoxTextItem.h">
      <Filter>Header Files</Filter>
    </QtMoc>
    <QtMoc Include="FluDropDownButton.h">
      <Filter>Header Files</Filter>
    </QtMoc>
    <QtMoc Include="FluHyperLinkButton.h">
      <Filter>Header Files</Filter>
    </QtMoc>
    <QtMoc Include="FluHFlipView.h">
      <Filter>Header Files</Filter>
    </QtMoc>
    <QtMoc Include="FluImageBox.h">
      <Filter>Header Files</Filter>
    </QtMoc>
    <QtMoc Include="FluSettingsSelectBox.h">
      <Filter>Header Files</Filter>
    </QtMoc>
    <QtMoc Include="FluSettingsLabelBox.h">
      <Filter>Header Files</Filter>
    </QtMoc>
    <QtMoc Include="FluRepeatButton.h">
      <Filter>Header Files</Filter>
    </QtMoc>
    <QtMoc Include="FluCheckBox.h">
      <Filter>Header Files</Filter>
    </QtMoc>
    <QtMoc Include="FluVRadioGroupBox.h">
      <Filter>Header Files</Filter>
    </QtMoc>
    <QtMoc Include="FluSlider.h">
      <Filter>Header Files</Filter>
    </QtMoc>
    <QtMoc Include="FluToggleSwitch.h">
      <Filter>Header Files</Filter>
    </QtMoc>
    <QtMoc Include="FluProgressRing.h">
      <Filter>Header Files</Filter>
    </QtMoc>
    <QtMoc Include="FluProgressBar.h">
      <Filter>Header Files</Filter>
    </QtMoc>
    <QtMoc Include="FluCalendarView.h">
      <Filter>Header Files</Filter>
    </QtMoc>
    <QtMoc Include="FluCalendarSelectDayView.h">
      <Filter>Header Files</Filter>
    </QtMoc>
    <QtMoc Include="FluCalendarItem.h">
      <Filter>Header Files</Filter>
    </QtMoc>
    <QtMoc Include="FluCalendarDatePicker.h">
      <Filter>Header Files</Filter>
    </QtMoc>
    <QtMoc Include="FluVFlipView.h">
      <Filter>Header Files</Filter>
    </QtMoc>
    <QtMoc Include="FluListView.h">
      <Filter>Header Files</Filter>
    </QtMoc>
    <QtMoc Include="FluListViewItemDelegate.h">
      <Filter>Header Files</Filter>
    </QtMoc>
    <QtMoc Include="FluInfoBadge.h">
      <Filter>Header Files</Filter>
    </QtMoc>
    <QtMoc Include="FluPasswordBox.h">
      <Filter>Header Files</Filter>
    </QtMoc>
    <QtMoc Include="FluSpinBox.h">
      <Filter>Header Files</Filter>
    </QtMoc>
    <QtMoc Include="FluDisplayBoxEx.h">
      <Filter>Header Files</Filter>
    </QtMoc>
    <QtMoc Include="FluMessageBox.h">
      <Filter>Header Files</Filter>
    </QtMoc>
    <QtMoc Include="FluColorLabel.h">
      <Filter>Header Files</Filter>
    </QtMoc>
    <QtMoc Include="FluMenuBar.h">
      <Filter>Header Files</Filter>
    </QtMoc>
    <QtMoc Include="FluShortInfoBar.h">
      <Filter>Header Files</Filter>
    </QtMoc>
    <QtMoc Include="FluThread.h">
      <Filter>Header Files</Filter>
    </QtMoc>
    <QtMoc Include="FluInfoBarMgr.h">
      <Filter>Header Files</Filter>
    </QtMoc>
    <QtMoc Include="FluTextEdit.h">
      <Filter>Header Files</Filter>
    </QtMoc>
    <QtMoc Include="FluDoubleSpinBox.h">
      <Filter>Header Files</Filter>
    </QtMoc>
    <QtMoc Include="FluCalendarViewTitle.h">
      <Filter>Header Files</Filter>
    </QtMoc>
    <QtMoc Include="FluBorder.h">
      <Filter>Header Files</Filter>
    </QtMoc>
    <QtMoc Include="FluHRadioGroupBox.h">
      <Filter>Header Files</Filter>
    </QtMoc>
  </ItemGroup>
  <ItemGroup>
    <ClInclude Include="FluFlowLayout.h">
      <Filter>Header Files</Filter>
    </ClInclude>
    <ClInclude Include="FluComboBox.h">
      <Filter>Header Files</Filter>
    </ClInclude>
    <ClInclude Include="FluCalendarDef.h">
      <Filter>Header Files</Filter>
    </ClInclude>
    <ClInclude Include="FluCalendarSelectMonthView.h">
      <Filter>Header Files</Filter>
    </ClInclude>
    <ClInclude Include="FluCalendarSelectYearView.h">
      <Filter>Header Files</Filter>
    </ClInclude>
  </ItemGroup>
</Project>