<?xml version="1.0" encoding="utf-8"?>
<Project ToolsVersion="4.0" xmlns="http://schemas.microsoft.com/developer/msbuild/2003">
  <ItemGroup>
    <Filter Include="Source Files">
      <UniqueIdentifier>{4FC737F1-C7A5-4376-A066-2A32D752A2FF}</UniqueIdentifier>
      <Extensions>qml;cpp;c;cc;cxx;def;odl;idl;hpj;bat;asm;asmx</Extensions>
    </Filter>
    <Filter Include="Header Files">
      <UniqueIdentifier>{93995380-89BD-4b04-88EB-625FBE52EBFB}</UniqueIdentifier>
      <Extensions>h;hh;hpp;hxx;hm;inl;inc;xsd</Extensions>
    </Filter>
    <Filter Include="Resource Files">
      <UniqueIdentifier>{67DA6AB6-F800-4c08-8B7A-83BB121AAD01}</UniqueIdentifier>
      <Extensions>qrc;rc;ico;cur;bmp;dlg;rc2;rct;bin;rgs;gif;jpg;jpeg;jpe;resx;tiff;tif;png;wav;mfcribbon-ms</Extensions>
    </Filter>
    <Filter Include="Form Files">
      <UniqueIdentifier>{99349809-55BA-4b9d-BF79-8FDBB0286EB3}</UniqueIdentifier>
      <Extensions>ui</Extensions>
    </Filter>
    <Filter Include="Translation Files">
      <UniqueIdentifier>{639EADAA-A684-42e4-A9AD-28FC9BCB8F7C}</UniqueIdentifier>
      <Extensions>ts</Extensions>
    </Filter>
  </ItemGroup>
  <ItemGroup>
    <ClCompile Include="FluChangeBgDemo.cpp">
      <Filter>Source Files</Filter>
    </ClCompile>
    <ClCompile Include="FluTabDemo.cpp">
      <Filter>Source Files</Filter>
    </ClCompile>
    <ClCompile Include="FluAllGlobalColorDemo.cpp">
      <Filter>Source Files</Filter>
    </ClCompile>
    <ClCompile Include="FluColorDemo.cpp">
      <Filter>Source Files</Filter>
    </ClCompile>
    <ClCompile Include="FluButtonDemo.cpp">
      <Filter>Source Files</Filter>
    </ClCompile>
    <ClCompile Include="FluExpandDemo.cpp">
      <Filter>Source Files</Filter>
    </ClCompile>
    <ClCompile Include="FluVNavigationViewDemo.cpp">
      <Filter>Source Files</Filter>
    </ClCompile>
    <ClCompile Include="FluFlowLayoutDemo.cpp">
      <Filter>Source Files</Filter>
    </ClCompile>
    <ClCompile Include="FluLineEditDemo.cpp">
      <Filter>Source Files</Filter>
    </ClCompile>
    <ClCompile Include="FluDisplay16.cpp">
      <Filter>Source Files</Filter>
    </ClCompile>
    <ClCompile Include="FluMultiLineTextDemo.cpp">
      <Filter>Source Files</Filter>
    </ClCompile>
    <ClCompile Include="FluTextAreaDemo.cpp">
      <Filter>Source Files</Filter>
    </ClCompile>
    <ClCompile Include="FluDisplayCodeDemo.cpp">
      <Filter>Source Files</Filter>
    </ClCompile>
    <ClCompile Include="FluMenuDemo.cpp">
      <Filter>Source Files</Filter>
    </ClCompile>
    <ClCompile Include="FluDisplayBoxDemo.cpp">
      <Filter>Source Files</Filter>
    </ClCompile>
    <ClCompile Include="FluDisplayIconBoxDemo.cpp">
      <Filter>Source Files</Filter>
    </ClCompile>
    <ClCompile Include="FluComboBoxDemo.cpp">
      <Filter>Source Files</Filter>
    </ClCompile>
    <ClCompile Include="FluDropDownButtonDemo.cpp">
      <Filter>Source Files</Filter>
    </ClCompile>
    <ClCompile Include="FluSlideWindowDemo.cpp">
      <Filter>Source Files</Filter>
    </ClCompile>
    <ClCompile Include="FluFlipViewDemo.cpp">
      <Filter>Source Files</Filter>
    </ClCompile>
    <ClCompile Include="FluRadioButtonDemo.cpp">
      <Filter>Source Files</Filter>
    </ClCompile>
    <ClCompile Include="FluCheckBoxDemo.cpp">
      <Filter>Source Files</Filter>
    </ClCompile>
    <ClCompile Include="FluSliderDemo.cpp">
      <Filter>Source Files</Filter>
    </ClCompile>
    <ClCompile Include="FluToggleSwitchDemo.cpp">
      <Filter>Source Files</Filter>
    </ClCompile>
    <ClCompile Include="FluProgressRingDemo.cpp">
      <Filter>Source Files</Filter>
    </ClCompile>
    <ClCompile Include="FluProgressBarDemo.cpp">
      <Filter>Source Files</Filter>
    </ClCompile>
    <ClCompile Include="FluCalendarViewDemo.cpp">
      <Filter>Source Files</Filter>
    </ClCompile>
    <ClCompile Include="FluCalendarDatePickerDemo.cpp">
      <Filter>Source Files</Filter>
    </ClCompile>
    <ClCompile Include="FluListViewDemo.cpp">
      <Filter>Source Files</Filter>
    </ClCompile>
    <ClCompile Include="main.cpp">
      <Filter>Source Files</Filter>
    </ClCompile>
    <ClCompile Include="FluInfoBadgeDemo.cpp">
      <Filter>Source Files</Filter>
    </ClCompile>
    <ClCompile Include="FluPasswordBoxDemo.cpp">
      <Filter>Source Files</Filter>
    </ClCompile>
    <ClCompile Include="FluSpinBoxDemo.cpp">
      <Filter>Source Files</Filter>
    </ClCompile>
    <ClCompile Include="FluMenuBarDemo.cpp">
      <Filter>Source Files</Filter>
    </ClCompile>
    <ClCompile Include="FluInfoBarDemo.cpp">
      <Filter>Source Files</Filter>
    </ClCompile>
    <ClCompile Include="FluThreadDemo.cpp">
      <Filter>Source Files</Filter>
    </ClCompile>
    <ClCompile Include="FluTextEditDemo.cpp">
      <Filter>Source Files</Filter>
    </ClCompile>
    <ClCompile Include="FluFlyoutDemo.cpp">
      <Filter>Source Files</Filter>
    </ClCompile>
    <ClCompile Include="FluSplitButtonDemo.cpp">
      <Filter>Source Files</Filter>
    </ClCompile>
    <ClCompile Include="FluRatingControlDemo.cpp">
      <Filter>Source Files</Filter>
    </ClCompile>
    <ClCompile Include="FluLoopViewDemo.cpp">
      <Filter>Source Files</Filter>
    </ClCompile>
    <ClCompile Include="FluTimePickerDemo.cpp">
      <Filter>Source Files</Filter>
    </ClCompile>
    <ClCompile Include="FluTabBarDemo.cpp">
      <Filter>Source Files</Filter>
    </ClCompile>
    <ClCompile Include="FluTabViewDemo.cpp">
      <Filter>Source Files</Filter>
    </ClCompile>
    <ClCompile Include="FluFrameLessDemo.cpp">
      <Filter>Source Files</Filter>
    </ClCompile>
    <ClCompile Include="FluHNavigationViewDemo.cpp">
      <Filter>Source Files</Filter>
    </ClCompile>
    <ClCompile Include="FluTreeViewDemo.cpp">
      <Filter>Source Files</Filter>
    </ClCompile>
    <ClCompile Include="FluTemplateDemo.cpp">
      <Filter>Source Files</Filter>
    </ClCompile>
    <ClCompile Include="FluTriangleDemo.cpp">
      <Filter>Source Files</Filter>
    </ClCompile>
    <ClCompile Include="FluTimeLineIconDemo.cpp">
      <Filter>Source Files</Filter>
    </ClCompile>
    <ClCompile Include="FluTimeLineDemo.cpp">
      <Filter>Source Files</Filter>
    </ClCompile>
    <ClCompile Include="FluAnimationDemo.cpp">
      <Filter>Source Files</Filter>
    </ClCompile>
    <ClCompile Include="FluSettingsVersionBoxDemo.cpp">
      <Filter>Source Files</Filter>
    </ClCompile>
    <ClCompile Include="FluColorViewDemo.cpp">
      <Filter>Source Files</Filter>
    </ClCompile>
    <ClCompile Include="FluIntructionsDemo.cpp">
      <Filter>Source Files</Filter>
    </ClCompile>
    <ClCompile Include="FluBusyProgressRingDemo.cpp">
      <Filter>Source Files</Filter>
    </ClCompile>
    <ClCompile Include="FluScintillaDemo.cpp">
      <Filter>Source Files</Filter>
    </ClCompile>
  </ItemGroup>
  <ItemGroup>
    <QtMoc Include="FluChangeBgDemo.h">
      <Filter>Header Files</Filter>
    </QtMoc>
    <QtMoc Include="FluTabDemo.h">
      <Filter>Header Files</Filter>
    </QtMoc>
    <QtMoc Include="FluAllGlobalColorDemo.h">
      <Filter>Header Files</Filter>
    </QtMoc>
    <QtMoc Include="FluColorDemo.h">
      <Filter>Header Files</Filter>
    </QtMoc>
    <QtMoc Include="FluButtonDemo.h">
      <Filter>Header Files</Filter>
    </QtMoc>
    <QtMoc Include="FluExpandDemo.h">
      <Filter>Header Files</Filter>
    </QtMoc>
    <QtMoc Include="FluVNavigationViewDemo.h">
      <Filter>Header Files</Filter>
    </QtMoc>
    <QtMoc Include="FluLineEditDemo.h">
      <Filter>Header Files</Filter>
    </QtMoc>
    <QtMoc Include="FluDisplay16.h">
      <Filter>Header Files</Filter>
    </QtMoc>
    <QtMoc Include="FluTextAreaDemo.h">
      <Filter>Header Files</Filter>
    </QtMoc>
    <QtMoc Include="FluDisplayCodeDemo.h">
      <Filter>Header Files</Filter>
    </QtMoc>
    <QtMoc Include="FluMenuDemo.h">
      <Filter>Header Files</Filter>
    </QtMoc>
    <QtMoc Include="FluDisplayBoxDemo.h">
      <Filter>Header Files</Filter>
    </QtMoc>
    <QtMoc Include="FluDisplayIconBoxDemo.h">
      <Filter>Header Files</Filter>
    </QtMoc>
    <QtMoc Include="FluComboBoxDemo.h">
      <Filter>Header Files</Filter>
    </QtMoc>
    <QtMoc Include="FluDropDownButtonDemo.h">
      <Filter>Header Files</Filter>
    </QtMoc>
    <QtMoc Include="FluSlideWindowDemo.h">
      <Filter>Header Files</Filter>
    </QtMoc>
    <QtMoc Include="FluCheckBoxDemo.h">
      <Filter>Header Files</Filter>
    </QtMoc>
    <QtMoc Include="FluToggleSwitchDemo.h">
      <Filter>Header Files</Filter>
    </QtMoc>
    <QtMoc Include="FluProgressBarDemo.h">
      <Filter>Header Files</Filter>
    </QtMoc>
    <QtMoc Include="FluCalendarViewDemo.h">
      <Filter>Header Files</Filter>
    </QtMoc>
    <QtMoc Include="FluCalendarDatePickerDemo.h">
      <Filter>Header Files</Filter>
    </QtMoc>
    <QtMoc Include="FluListViewDemo.h">
      <Filter>Header Files</Filter>
    </QtMoc>
    <QtMoc Include="FluPasswordBoxDemo.h">
      <Filter>Header Files</Filter>
    </QtMoc>
    <QtMoc Include="FluSpinBoxDemo.h">
      <Filter>Header Files</Filter>
    </QtMoc>
    <QtMoc Include="FluMenuBarDemo.h">
      <Filter>Header Files</Filter>
    </QtMoc>
    <QtMoc Include="FluThreadDemo.h">
      <Filter>Header Files</Filter>
    </QtMoc>
    <QtMoc Include="FluTextEditDemo.h">
      <Filter>Header Files</Filter>
    </QtMoc>
    <QtMoc Include="FluFlyoutDemo.h">
      <Filter>Header Files</Filter>
    </QtMoc>
    <QtMoc Include="FluSplitButtonDemo.h">
      <Filter>Header Files</Filter>
    </QtMoc>
    <QtMoc Include="FluRatingControlDemo.h">
      <Filter>Header Files</Filter>
    </QtMoc>
    <QtMoc Include="FluLoopViewDemo.h">
      <Filter>Header Files</Filter>
    </QtMoc>
    <QtMoc Include="FluTimePickerDemo.h">
      <Filter>Header Files</Filter>
    </QtMoc>
    <QtMoc Include="FluTabBarDemo.h">
      <Filter>Header Files</Filter>
    </QtMoc>
    <QtMoc Include="FluFrameLessDemo.h">
      <Filter>Header Files</Filter>
    </QtMoc>
    <QtMoc Include="FluHNavigationViewDemo.h">
      <Filter>Header Files</Filter>
    </QtMoc>
    <QtMoc Include="FluTreeViewDemo.h">
      <Filter>Header Files</Filter>
    </QtMoc>
    <QtMoc Include="FluTemplateDemo.h">
      <Filter>Header Files</Filter>
    </QtMoc>
    <QtMoc Include="FluTriangleDemo.h">
      <Filter>Header Files</Filter>
    </QtMoc>
    <QtMoc Include="FluTimeLineIconDemo.h">
      <Filter>Header Files</Filter>
    </QtMoc>
    <QtMoc Include="FluTimeLineDemo.h">
      <Filter>Header Files</Filter>
    </QtMoc>
    <QtMoc Include="FluSettingsVersionBoxDemo.h">
      <Filter>Header Files</Filter>
    </QtMoc>
    <QtMoc Include="FluColorViewDemo.h">
      <Filter>Header Files</Filter>
    </QtMoc>
    <QtMoc Include="FluIntructionsDemo.h">
      <Filter>Header Files</Filter>
    </QtMoc>
  </ItemGroup>
  <ItemGroup>
    <ClInclude Include="FluFlowLayoutDemo.h">
      <Filter>Header Files</Filter>
    </ClInclude>
    <ClInclude Include="FluMultiLineTextDemo.h">
      <Filter>Header Files</Filter>
    </ClInclude>
    <ClInclude Include="FluFlipViewDemo.h">
      <Filter>Header Files</Filter>
    </ClInclude>
    <ClInclude Include="FluRadioButtonDemo.h">
      <Filter>Header Files</Filter>
    </ClInclude>
    <ClInclude Include="FluSliderDemo.h">
      <Filter>Header Files</Filter>
    </ClInclude>
    <ClInclude Include="FluProgressRingDemo.h">
      <Filter>Header Files</Filter>
    </ClInclude>
    <ClInclude Include="FluInfoBadgeDemo.h">
      <Filter>Header Files</Filter>
    </ClInclude>
    <ClInclude Include="FluInfoBarDemo.h">
      <Filter>Header Files</Filter>
    </ClInclude>
    <ClInclude Include="FluTabViewDemo.h">
      <Filter>Header Files</Filter>
    </ClInclude>
    <ClInclude Include="FluAnimationDemo.h">
      <Filter>Header Files</Filter>
    </ClInclude>
    <ClInclude Include="FluBusyProgressRingDemo.h">
      <Filter>Header Files</Filter>
    </ClInclude>
    <ClInclude Include="resource.h">
      <Filter>Header Files</Filter>
    </ClInclude>
    <ClInclude Include="FluScintillaDemo.h">
      <Filter>Header Files</Filter>
    </ClInclude>
  </ItemGroup>
  <ItemGroup>
    <QtRcc Include="FluExamplesQss.qrc">
      <Filter>Resource Files</Filter>
    </QtRcc>
  </ItemGroup>
</Project>