
Microsoft Visual Studio Solution File, Format Version 12.00
# Visual Studio Version 17
VisualStudioVersion = 17.8.34330.188
MinimumVisualStudioVersion = 10.0.40219.1
Project("{8BC9CEB8-8B4A-11D0-8D11-00A0C91BC942}") = "FluControls", "FluControls\FluControls.vcxproj", "{D788355C-BBD1-48F8-A411-43D28D3E1658}"
EndProject
Project("{8BC9CEB8-8B4A-11D0-8D11-00A0C91BC942}") = "FluUtils", "FluUtils\FluUtils.vcxproj", "{530D608E-548B-4111-A379-5792243B78E0}"
EndProject
Project("{8BC9CEB8-8B4A-11D0-8D11-00A0C91BC942}") = "FluWinGallery", "FluWinGallery\FluWinGallery.vcxproj", "{DA86B902-EA95-4CD5-9CFD-C07B569EEA6C}"
EndProject
Project("{8BC9CEB8-8B4A-11D0-8D11-00A0C91BC942}") = "FluExamples", "FluExamples\FluExamples.vcxproj", "{269E77F9-E25B-4A1C-B623-41F8AF7490E0}"
EndProject
Global
	GlobalSection(SolutionConfigurationPlatforms) = preSolution
		Debug|x64 = Debug|x64
		Release|x64 = Release|x64
	EndGlobalSection
	GlobalSection(ProjectConfigurationPlatforms) = postSolution
		{D788355C-BBD1-48F8-A411-43D28D3E1658}.Debug|x64.ActiveCfg = Debug|x64
		{D788355C-BBD1-48F8-A411-43D28D3E1658}.Debug|x64.Build.0 = Debug|x64
		{D788355C-BBD1-48F8-A411-43D28D3E1658}.Release|x64.ActiveCfg = Release|x64
		{D788355C-BBD1-48F8-A411-43D28D3E1658}.Release|x64.Build.0 = Release|x64
		{530D608E-548B-4111-A379-5792243B78E0}.Debug|x64.ActiveCfg = Debug|x64
		{530D608E-548B-4111-A379-5792243B78E0}.Debug|x64.Build.0 = Debug|x64
		{530D608E-548B-4111-A379-5792243B78E0}.Release|x64.ActiveCfg = Release|x64
		{530D608E-548B-4111-A379-5792243B78E0}.Release|x64.Build.0 = Release|x64
		{DA86B902-EA95-4CD5-9CFD-C07B569EEA6C}.Debug|x64.ActiveCfg = Debug|x64
		{DA86B902-EA95-4CD5-9CFD-C07B569EEA6C}.Debug|x64.Build.0 = Debug|x64
		{DA86B902-EA95-4CD5-9CFD-C07B569EEA6C}.Release|x64.ActiveCfg = Release|x64
		{DA86B902-EA95-4CD5-9CFD-C07B569EEA6C}.Release|x64.Build.0 = Release|x64
		{269E77F9-E25B-4A1C-B623-41F8AF7490E0}.Debug|x64.ActiveCfg = Debug|x64
		{269E77F9-E25B-4A1C-B623-41F8AF7490E0}.Debug|x64.Build.0 = Debug|x64
		{269E77F9-E25B-4A1C-B623-41F8AF7490E0}.Release|x64.ActiveCfg = Release|x64
		{269E77F9-E25B-4A1C-B623-41F8AF7490E0}.Release|x64.Build.0 = Release|x64
	EndGlobalSection
	GlobalSection(SolutionProperties) = preSolution
		HideSolutionNode = FALSE
	EndGlobalSection
	GlobalSection(ExtensibilityGlobals) = postSolution
		SolutionGuid = {9545A44B-121B-4A47-BBB1-009B9C956C5C}
	EndGlobalSection
EndGlobal
