<?xml version="1.0" encoding="utf-8"?>
<Project ToolsVersion="4.0" xmlns="http://schemas.microsoft.com/developer/msbuild/2003">
  <ItemGroup>
    <Filter Include="Source Files">
      <UniqueIdentifier>{4FC737F1-C7A5-4376-A066-2A32D752A2FF}</UniqueIdentifier>
      <Extensions>qml;cpp;c;cc;cxx;def;odl;idl;hpj;bat;asm;asmx</Extensions>
    </Filter>
    <Filter Include="Header Files">
      <UniqueIdentifier>{93995380-89BD-4b04-88EB-625FBE52EBFB}</UniqueIdentifier>
      <Extensions>h;hh;hpp;hxx;hm;inl;inc;xsd</Extensions>
    </Filter>
    <Filter Include="Resource Files">
      <UniqueIdentifier>{67DA6AB6-F800-4c08-8B7A-83BB121AAD01}</UniqueIdentifier>
      <Extensions>qrc;rc;ico;cur;bmp;dlg;rc2;rct;bin;rgs;gif;jpg;jpeg;jpe;resx;tiff;tif;png;wav;mfcribbon-ms</Extensions>
    </Filter>
    <Filter Include="Form Files">
      <UniqueIdentifier>{99349809-55BA-4b9d-BF79-8FDBB0286EB3}</UniqueIdentifier>
      <Extensions>ui</Extensions>
    </Filter>
    <Filter Include="Translation Files">
      <UniqueIdentifier>{639EADAA-A684-42e4-A9AD-28FC9BCB8F7C}</UniqueIdentifier>
      <Extensions>ts</Extensions>
    </Filter>
  </ItemGroup>
  <ItemGroup>
    <ClCompile Include="main.cpp">
      <Filter>Source Files</Filter>
    </ClCompile>
    <ClCompile Include="FluGalleryWindow.cpp">
      <Filter>Source Files</Filter>
    </ClCompile>
    <ClCompile Include="FluHomePage.cpp">
      <Filter>Source Files</Filter>
    </ClCompile>
    <ClCompile Include="FluHomePageTitle.cpp">
      <Filter>Source Files</Filter>
    </ClCompile>
    <ClCompile Include="FluAEmptyPage.cpp">
      <Filter>Source Files</Filter>
    </ClCompile>
    <ClCompile Include="FluTypeographyPage.cpp">
      <Filter>Source Files</Filter>
    </ClCompile>
    <ClCompile Include="FluButtonPage.cpp">
      <Filter>Source Files</Filter>
    </ClCompile>
    <ClCompile Include="FluIconsPage.cpp">
      <Filter>Source Files</Filter>
    </ClCompile>
    <ClCompile Include="FluToggleButtonPage.cpp">
      <Filter>Source Files</Filter>
    </ClCompile>
    <ClCompile Include="FluDropDownButtonPage.cpp">
      <Filter>Source Files</Filter>
    </ClCompile>
    <ClCompile Include="FluHyperLinkButtonPage.cpp">
      <Filter>Source Files</Filter>
    </ClCompile>
    <ClCompile Include="FluSettingPage.cpp">
      <Filter>Source Files</Filter>
    </ClCompile>
    <ClCompile Include="FluAllSamplesPage.cpp">
      <Filter>Source Files</Filter>
    </ClCompile>
    <ClCompile Include="FluRepeatButtonPage.cpp">
      <Filter>Source Files</Filter>
    </ClCompile>
    <ClCompile Include="FluRadioButtonPage.cpp">
      <Filter>Source Files</Filter>
    </ClCompile>
    <ClCompile Include="FluATitlePage.cpp">
      <Filter>Source Files</Filter>
    </ClCompile>
    <ClCompile Include="FluComboBoxPage.cpp">
      <Filter>Source Files</Filter>
    </ClCompile>
    <ClCompile Include="FluCheckBoxPage.cpp">
      <Filter>Source Files</Filter>
    </ClCompile>
    <ClCompile Include="FluSliderPage.cpp">
      <Filter>Source Files</Filter>
    </ClCompile>
    <ClCompile Include="FluProgressRingPage.cpp">
      <Filter>Source Files</Filter>
    </ClCompile>
    <ClCompile Include="FluCalendarViewPage.cpp">
      <Filter>Source Files</Filter>
    </ClCompile>
    <ClCompile Include="FluProgressBarPage.cpp">
      <Filter>Source Files</Filter>
    </ClCompile>
    <ClCompile Include="FluFlipViewPage.cpp">
      <Filter>Source Files</Filter>
    </ClCompile>
    <ClCompile Include="FluListViewPage.cpp">
      <Filter>Source Files</Filter>
    </ClCompile>
    <ClCompile Include="FluExpanderPage.cpp">
      <Filter>Source Files</Filter>
    </ClCompile>
    <ClCompile Include="FluCalendarDatePickerPage.cpp">
      <Filter>Source Files</Filter>
    </ClCompile>
    <ClCompile Include="FluCollectionsPage.cpp">
      <Filter>Source Files</Filter>
    </ClCompile>
    <ClCompile Include="FluPasswordBoxPage.cpp">
      <Filter>Source Files</Filter>
    </ClCompile>
    <ClCompile Include="FluContentDialogPage.cpp">
      <Filter>Source Files</Filter>
    </ClCompile>
    <ClCompile Include="FluMenuBarPage.cpp">
      <Filter>Source Files</Filter>
    </ClCompile>
    <ClCompile Include="FluNumberBoxPage.cpp">
      <Filter>Source Files</Filter>
    </ClCompile>
    <ClCompile Include="FluInfoBadgePage.cpp">
      <Filter>Source Files</Filter>
    </ClCompile>
    <ClCompile Include="FluInfoBarPage.cpp">
      <Filter>Source Files</Filter>
    </ClCompile>
    <ClCompile Include="FluBorderPage.cpp">
      <Filter>Source Files</Filter>
    </ClCompile>
    <ClCompile Include="FluRadioButtonsPage.cpp">
      <Filter>Source Files</Filter>
    </ClCompile>
    <ClCompile Include="FluPivotPage.cpp">
      <Filter>Source Files</Filter>
    </ClCompile>
    <ClCompile Include="FluFlyoutPage.cpp">
      <Filter>Source Files</Filter>
    </ClCompile>
    <ClCompile Include="FluToggleSwitchPage.cpp">
      <Filter>Source Files</Filter>
    </ClCompile>
    <ClCompile Include="FluTextBoxPage.cpp">
      <Filter>Source Files</Filter>
    </ClCompile>
    <ClCompile Include="FluRatingControlPage.cpp">
      <Filter>Source Files</Filter>
    </ClCompile>
    <ClCompile Include="FluTimePickerPage.cpp">
      <Filter>Source Files</Filter>
    </ClCompile>
    <ClCompile Include="FluDatePickerPage.cpp">
      <Filter>Source Files</Filter>
    </ClCompile>
    <ClCompile Include="FluDateAndTimePage.cpp">
      <Filter>Source Files</Filter>
    </ClCompile>
    <ClCompile Include="FluDialogsAndFlyoutsPage.cpp">
      <Filter>Source Files</Filter>
    </ClCompile>
    <ClCompile Include="FluStatusAndInfoPage.cpp">
      <Filter>Source Files</Filter>
    </ClCompile>
    <ClCompile Include="FluAutoSuggestBoxPage.cpp">
      <Filter>Source Files</Filter>
    </ClCompile>
    <ClCompile Include="FluTextPage.cpp">
      <Filter>Source Files</Filter>
    </ClCompile>
    <ClCompile Include="FluSplitButtonPage.cpp">
      <Filter>Source Files</Filter>
    </ClCompile>
    <ClCompile Include="FluAppBarButtonPage.cpp">
      <Filter>Source Files</Filter>
    </ClCompile>
    <ClCompile Include="FluAppBarToggleButtonPage.cpp">
      <Filter>Source Files</Filter>
    </ClCompile>
  </ItemGroup>
  <ItemGroup>
    <QtMoc Include="FluGalleryWindow.h">
      <Filter>Header Files</Filter>
    </QtMoc>
    <QtMoc Include="FluHomePage.h">
      <Filter>Header Files</Filter>
    </QtMoc>
    <QtMoc Include="FluHomePageTitle.h">
      <Filter>Header Files</Filter>
    </QtMoc>
    <QtMoc Include="FluAEmptyPage.h">
      <Filter>Header Files</Filter>
    </QtMoc>
    <QtMoc Include="FluTypeographyPage.h">
      <Filter>Header Files</Filter>
    </QtMoc>
    <QtMoc Include="FluIconsPage.h">
      <Filter>Header Files</Filter>
    </QtMoc>
    <QtMoc Include="FluButtonPage.h">
      <Filter>Header Files</Filter>
    </QtMoc>
    <QtMoc Include="FluToggleButtonPage.h">
      <Filter>Header Files</Filter>
    </QtMoc>
    <QtMoc Include="FluDropDownButtonPage.h">
      <Filter>Header Files</Filter>
    </QtMoc>
    <QtMoc Include="FluHyperLinkButtonPage.h">
      <Filter>Header Files</Filter>
    </QtMoc>
    <QtMoc Include="FluSettingPage.h">
      <Filter>Header Files</Filter>
    </QtMoc>
    <QtMoc Include="FluAllSamplesPage.h">
      <Filter>Header Files</Filter>
    </QtMoc>
    <QtMoc Include="FluRepeatButtonPage.h">
      <Filter>Header Files</Filter>
    </QtMoc>
    <QtMoc Include="FluRadioButtonPage.h">
      <Filter>Header Files</Filter>
    </QtMoc>
    <QtMoc Include="FluATitlePage.h">
      <Filter>Header Files</Filter>
    </QtMoc>
    <QtMoc Include="FluComboBoxPage.h">
      <Filter>Header Files</Filter>
    </QtMoc>
    <QtMoc Include="FluCheckBoxPage.h">
      <Filter>Header Files</Filter>
    </QtMoc>
    <QtMoc Include="FluSliderPage.h">
      <Filter>Header Files</Filter>
    </QtMoc>
    <QtMoc Include="FluProgressRingPage.h">
      <Filter>Header Files</Filter>
    </QtMoc>
    <QtMoc Include="FluCalendarViewPage.h">
      <Filter>Header Files</Filter>
    </QtMoc>
    <QtMoc Include="FluProgressBarPage.h">
      <Filter>Header Files</Filter>
    </QtMoc>
    <QtMoc Include="FluFlipViewPage.h">
      <Filter>Header Files</Filter>
    </QtMoc>
    <QtMoc Include="FluListViewPage.h">
      <Filter>Header Files</Filter>
    </QtMoc>
    <QtMoc Include="FluExpanderPage.h">
      <Filter>Header Files</Filter>
    </QtMoc>
    <QtMoc Include="FluCalendarDatePickerPage.h">
      <Filter>Header Files</Filter>
    </QtMoc>
    <QtMoc Include="FluCollectionsPage.h">
      <Filter>Header Files</Filter>
    </QtMoc>
    <QtMoc Include="FluPasswordBoxPage.h">
      <Filter>Header Files</Filter>
    </QtMoc>
    <QtMoc Include="FluContentDialogPage.h">
      <Filter>Header Files</Filter>
    </QtMoc>
    <QtMoc Include="FluMenuBarPage.h">
      <Filter>Header Files</Filter>
    </QtMoc>
    <QtMoc Include="FluNumberBoxPage.h">
      <Filter>Header Files</Filter>
    </QtMoc>
    <QtMoc Include="FluInfoBadgePage.h">
      <Filter>Header Files</Filter>
    </QtMoc>
    <QtMoc Include="FluInfoBarPage.h">
      <Filter>Header Files</Filter>
    </QtMoc>
    <QtMoc Include="FluBorderPage.h">
      <Filter>Header Files</Filter>
    </QtMoc>
    <QtMoc Include="FluRadioButtonsPage.h">
      <Filter>Header Files</Filter>
    </QtMoc>
    <QtMoc Include="FluPivotPage.h">
      <Filter>Header Files</Filter>
    </QtMoc>
    <QtMoc Include="FluFlyoutPage.h">
      <Filter>Header Files</Filter>
    </QtMoc>
    <QtMoc Include="FluToggleSwitchPage.h">
      <Filter>Header Files</Filter>
    </QtMoc>
    <QtMoc Include="FluTextBoxPage.h">
      <Filter>Header Files</Filter>
    </QtMoc>
    <QtMoc Include="FluRatingControlPage.h">
      <Filter>Header Files</Filter>
    </QtMoc>
    <QtMoc Include="FluTimePickerPage.h">
      <Filter>Header Files</Filter>
    </QtMoc>
    <QtMoc Include="FluDatePickerPage.h">
      <Filter>Header Files</Filter>
    </QtMoc>
    <QtMoc Include="FluDateAndTimePage.h">
      <Filter>Header Files</Filter>
    </QtMoc>
    <QtMoc Include="FluDialogsAndFlyoutsPage.h">
      <Filter>Header Files</Filter>
    </QtMoc>
    <QtMoc Include="FluStatusAndInfoPage.h">
      <Filter>Header Files</Filter>
    </QtMoc>
    <QtMoc Include="FluAutoSuggestBoxPage.h">
      <Filter>Header Files</Filter>
    </QtMoc>
    <QtMoc Include="FluTextPage.h">
      <Filter>Header Files</Filter>
    </QtMoc>
    <QtMoc Include="FluSplitButtonPage.h">
      <Filter>Header Files</Filter>
    </QtMoc>
    <QtMoc Include="FluAppBarButtonPage.h">
      <Filter>Header Files</Filter>
    </QtMoc>
    <QtMoc Include="FluAppBarToggleButtonPage.h">
      <Filter>Header Files</Filter>
    </QtMoc>
  </ItemGroup>
  <ItemGroup>
    <QtRcc Include="flu_win_gallery_code.qrc">
      <Filter>Resource Files</Filter>
    </QtRcc>
    <QtRcc Include="flu_win_gallery_qss.qrc">
      <Filter>Resource Files</Filter>
    </QtRcc>
    <QtRcc Include="flu_win_gallery_res.qrc">
      <Filter>Resource Files</Filter>
    </QtRcc>
  </ItemGroup>
</Project>